<?xml version="1.0" encoding="utf-8"?>
<Project ToolsVersion="4.0" xmlns="http://schemas.microsoft.com/developer/msbuild/2003">
  <ItemGroup>
    <Filter Include="源文件">
      <UniqueIdentifier>{4FC737F1-C7A5-4376-A066-2A32D752A2FF}</UniqueIdentifier>
      <Extensions>cpp;c;cc;cxx;c++;cppm;ixx;def;odl;idl;hpj;bat;asm;asmx</Extensions>
    </Filter>
    <Filter Include="头文件">
      <UniqueIdentifier>{93995380-89BD-4b04-88EB-625FBE52EBFB}</UniqueIdentifier>
      <Extensions>h;hh;hpp;hxx;h++;hm;inl;inc;ipp;xsd</Extensions>
    </Filter>
    <Filter Include="资源文件">
      <UniqueIdentifier>{67DA6AB6-F800-4c08-8B7A-83BB121AAD01}</UniqueIdentifier>
      <Extensions>rc;ico;cur;bmp;dlg;rc2;rct;bin;rgs;gif;jpg;jpeg;jpe;resx;tiff;tif;png;wav;mfcribbon-ms</Extensions>
    </Filter>
  </ItemGroup>
  <ItemGroup>
    <ClInclude Include="include\Base\Logger.h">
      <Filter>头文件</Filter>
    </ClInclude>
    <ClInclude Include="include\Render\OpenGL\OpenGLUtils.h">
      <Filter>头文件</Filter>
    </ClInclude>
    <ClInclude Include="include\Base\FileUtils.h">
      <Filter>头文件</Filter>
    </ClInclude>
    <ClInclude Include="include\Base\GLMInc.h">
      <Filter>头文件</Filter>
    </ClInclude>
    <ClInclude Include="include\Render\OpenGL\GLSLUtils.h">
      <Filter>头文件</Filter>
    </ClInclude>
    <ClInclude Include="include\Render\Vertex.h">
      <Filter>头文件</Filter>
    </ClInclude>
    <ClInclude Include="include\Render\ShaderProgram.h">
      <Filter>头文件</Filter>
    </ClInclude>
    <ClInclude Include="include\Render\Uniform.h">
      <Filter>头文件</Filter>
    </ClInclude>
    <ClInclude Include="include\Base\UUID.h">
      <Filter>头文件</Filter>
    </ClInclude>
    <ClInclude Include="include\Base\MemoryUtils.h">
      <Filter>头文件</Filter>
    </ClInclude>
    <ClInclude Include="include\Base\Buffer.h">
      <Filter>头文件</Filter>
    </ClInclude>
    <ClInclude Include="include\Render\Texture.h">
      <Filter>头文件</Filter>
    </ClInclude>
    <ClInclude Include="include\Render\RenderStates.h">
      <Filter>头文件</Filter>
    </ClInclude>
    <ClInclude Include="include\Render\FrameBuffer.h">
      <Filter>头文件</Filter>
    </ClInclude>
    <ClInclude Include="include\Render\OpenGL\EnumsOpenGL.h">
      <Filter>头文件</Filter>
    </ClInclude>
    <ClInclude Include="include\Viewer\Camera.h">
      <Filter>头文件</Filter>
    </ClInclude>
    <ClInclude Include="include\Viewer\Material.h">
      <Filter>头文件</Filter>
    </ClInclude>
    <ClInclude Include="include\Viewer\Model.h">
      <Filter>头文件</Filter>
    </ClInclude>
    <ClInclude Include="include\Base\ThreadPool.h">
      <Filter>头文件</Filter>
    </ClInclude>
    <ClInclude Include="include\Viewer\ModelLoader.h">
      <Filter>头文件</Filter>
    </ClInclude>
    <ClInclude Include="include\Viewer\Config.h">
      <Filter>头文件</Filter>
    </ClInclude>
    <ClInclude Include="include\Base\Geometry.h">
      <Filter>头文件</Filter>
    </ClInclude>
    <ClInclude Include="include\Base\ImageUtils.h">
      <Filter>头文件</Filter>
    </ClInclude>
    <ClInclude Include="include\Viewer\Cube.h">
      <Filter>头文件</Filter>
    </ClInclude>
    <ClInclude Include="include\Base\StringUtils.h">
      <Filter>头文件</Filter>
    </ClInclude>
    <ClInclude Include="include\Render\Renderer.h">
      <Filter>头文件</Filter>
    </ClInclude>
    <ClInclude Include="include\Render\OpenGL\TextureOpenGL.h">
      <Filter>头文件</Filter>
    </ClInclude>
    <ClInclude Include="include\Render\OpenGL\VertexOpenGL.h">
      <Filter>头文件</Filter>
    </ClInclude>
    <ClInclude Include="include\Render\OpenGL\UniformOpenGL.h">
      <Filter>头文件</Filter>
    </ClInclude>
    <ClInclude Include="include\Render\OpenGL\ShaderProgramOpenGL.h">
      <Filter>头文件</Filter>
    </ClInclude>
    <ClInclude Include="include\Render\OpenGL\FrameBufferOpenGL.h">
      <Filter>头文件</Filter>
    </ClInclude>
    <ClInclude Include="include\Render\OpenGL\RendererOpenGL.h">
      <Filter>头文件</Filter>
    </ClInclude>
    <ClInclude Include="include\Render\PipelineStates.h">
      <Filter>头文件</Filter>
    </ClInclude>
    <ClInclude Include="include\Viewer\Viewer.h">
      <Filter>头文件</Filter>
    </ClInclude>
    <ClInclude Include="include\Viewer\QuadFilter.h">
      <Filter>头文件</Filter>
    </ClInclude>
    <ClInclude Include="include\Viewer\Environment.h">
      <Filter>头文件</Filter>
    </ClInclude>
    <ClInclude Include="include\Base\hashUtils.h">
      <Filter>头文件</Filter>
    </ClInclude>
    <ClInclude Include="include\Viewer\ViewerOpenGL.h">
      <Filter>头文件</Filter>
    </ClInclude>
    <ClInclude Include="include\Viewer\ViewerManager.h">
      <Filter>头文件</Filter>
    </ClInclude>
    <ClInclude Include="include\Viewer\RenderDebug.h">
      <Filter>头文件</Filter>
    </ClInclude>
    <ClInclude Include="include\Base\Platform.h">
      <Filter>头文件</Filter>
    </ClInclude>
    <ClInclude Include="include\Viewer\ConfigPanel.h">
      <Filter>头文件</Filter>
    </ClInclude>
    <ClInclude Include="include\Render\Software\TextureSoft.h">
      <Filter>头文件</Filter>
    </ClInclude>
    <ClInclude Include="include\Viewer\ViewerSoftware.h">
      <Filter>头文件</Filter>
    </ClInclude>
    <ClInclude Include="include\Render\Software\VertexSoft.h">
      <Filter>头文件</Filter>
    </ClInclude>
    <ClInclude Include="include\Render\Software\UniformSoft.h">
      <Filter>头文件</Filter>
    </ClInclude>
    <ClInclude Include="include\Render\Software\ShaderProgramSoft.h">
      <Filter>头文件</Filter>
    </ClInclude>
    <ClInclude Include="include\Render\Software\ShaderSoft.h">
      <Filter>头文件</Filter>
    </ClInclude>
    <ClInclude Include="include\Render\Software\SamplerSoft.h">
      <Filter>头文件</Filter>
    </ClInclude>
    <ClInclude Include="include\Render\Software\RendererInternal.h">
      <Filter>头文件</Filter>
    </ClInclude>
    <ClInclude Include="include\Render\Software\FramebufferSoft.h">
      <Filter>头文件</Filter>
    </ClInclude>
    <ClInclude Include="include\Render\Software\DepthSoft.h">
      <Filter>头文件</Filter>
    </ClInclude>
    <ClInclude Include="include\Render\Software\BlendSoft.h">
      <Filter>头文件</Filter>
    </ClInclude>
    <ClInclude Include="include\Render\Software\RendererSoft.h">
      <Filter>头文件</Filter>
    </ClInclude>
    <ClInclude Include="include\Base\SIMD.h">
      <Filter>头文件</Filter>
    </ClInclude>
    <ClInclude Include="include\Viewer\Shader\Software\ShaderSoft.h">
      <Filter>头文件</Filter>
    </ClInclude>
    <ClInclude Include="include\Viewer\Shader\Software\BasicSoft.h">
      <Filter>头文件</Filter>
    </ClInclude>
    <ClInclude Include="include\Viewer\Shader\Software\BlinnPhongSoft.h">
      <Filter>头文件</Filter>
    </ClInclude>
    <ClInclude Include="include\Viewer\Shader\Software\PbrSoft.h">
      <Filter>头文件</Filter>
    </ClInclude>
    <ClInclude Include="include\Viewer\Shader\Software\SkyboxSoft.h">
      <Filter>头文件</Filter>
    </ClInclude>
    <ClInclude Include="include\Viewer\Shader\Software\FxaaSoft.h">
      <Filter>头文件</Filter>
    </ClInclude>
    <ClInclude Include="include\Viewer\Shader\Software\IBLIrradianceSoft.h">
      <Filter>头文件</Filter>
    </ClInclude>
    <ClInclude Include="include\Viewer\Shader\Software\IBLPrefilterSoft.h">
      <Filter>头文件</Filter>
    </ClInclude>
  </ItemGroup>
  <ItemGroup>
    <ClCompile Include="src\GLSLUtils.cpp">
      <Filter>源文件</Filter>
    </ClCompile>
    <ClCompile Include="src\Logger.cpp">
      <Filter>源文件</Filter>
    </ClCompile>
    <ClCompile Include="src\glad.c">
      <Filter>源文件</Filter>
    </ClCompile>
    <ClCompile Include="src\ModelLoader.cpp">
      <Filter>源文件</Filter>
    </ClCompile>
    <ClCompile Include="src\ImageUtils.cpp">
      <Filter>源文件</Filter>
    </ClCompile>
    <ClCompile Include="src\Geometry.cpp">
      <Filter>源文件</Filter>
    </ClCompile>
    <ClCompile Include="src\RendererOpenGL.cpp">
      <Filter>源文件</Filter>
    </ClCompile>
    <ClCompile Include="src\QuadFilter.cpp">
      <Filter>源文件</Filter>
    </ClCompile>
    <ClCompile Include="src\Environment.cpp">
      <Filter>源文件</Filter>
    </ClCompile>
    <ClCompile Include="src\md5.c">
      <Filter>源文件</Filter>
    </ClCompile>
    <ClCompile Include="src\Viewer.cpp">
      <Filter>源文件</Filter>
    </ClCompile>
    <ClCompile Include="src\RenderDebug.cpp">
      <Filter>源文件</Filter>
    </ClCompile>
    <ClCompile Include="src\ConfigPanel.cpp">
      <Filter>源文件</Filter>
    </ClCompile>
    <ClCompile Include="src\imgui.cpp">
      <Filter>源文件</Filter>
    </ClCompile>
    <ClCompile Include="src\imgui_demo.cpp">
      <Filter>源文件</Filter>
    </ClCompile>
    <ClCompile Include="src\imgui_draw.cpp">
      <Filter>源文件</Filter>
    </ClCompile>
    <ClCompile Include="src\imgui_impl_glfw.cpp">
      <Filter>源文件</Filter>
    </ClCompile>
    <ClCompile Include="src\imgui_impl_opengl3.cpp">
      <Filter>源文件</Filter>
    </ClCompile>
    <ClCompile Include="src\imgui_tables.cpp">
      <Filter>源文件</Filter>
    </ClCompile>
    <ClCompile Include="src\imgui_widgets.cpp">
      <Filter>源文件</Filter>
    </ClCompile>
    <ClCompile Include="src\json11.cpp">
      <Filter>源文件</Filter>
    </ClCompile>
    <ClCompile Include="src\Material.cpp">
      <Filter>源文件</Filter>
    </ClCompile>
    <ClCompile Include="src\main.cpp">
      <Filter>源文件</Filter>
    </ClCompile>
    <ClCompile Include="src\RendererSoft.cpp">
      <Filter>源文件</Filter>
    </ClCompile>
  </ItemGroup>
  <ItemGroup>
    <None Include="include\Viewer\Shader\GLSL\BasicGLSL.frag" />
    <None Include="include\Viewer\Shader\GLSL\BasicGLSL.vert" />
    <None Include="include\Viewer\Shader\GLSL\BlinnPhongGLSL.frag" />
    <None Include="include\Viewer\Shader\GLSL\BlinnPhongGLSL.vert" />
    <None Include="include\Viewer\Shader\GLSL\FxaaGLSL.frag" />
    <None Include="include\Viewer\Shader\GLSL\FxaaGLSL.vert" />
    <None Include="include\Viewer\Shader\GLSL\IBLIrradianceGLSL.frag" />
    <None Include="include\Viewer\Shader\GLSL\IBLIrradianceGLSL.vert" />
    <None Include="include\Viewer\Shader\GLSL\IBLPrefilterGLSL.frag" />
    <None Include="include\Viewer\Shader\GLSL\IBLPrefilterGLSL.vert" />
    <None Include="include\Viewer\Shader\GLSL\PbrGLSL.frag" />
    <None Include="include\Viewer\Shader\GLSL\PbrGLSL.vert" />
    <None Include="include\Viewer\Shader\GLSL\SkyboxGLSL.frag" />
    <None Include="include\Viewer\Shader\GLSL\SkyboxGLSL.vert" />
  </ItemGroup>
</Project>